
Microsoft Visual Studio Solution File, Format Version 12.00
# Visual Studio Version 17
VisualStudioVersion = 17.13.35825.156
MinimumVisualStudioVersion = 10.0.40219.1
Project("{FAE04EC0-301F-11D3-BF4B-00C04F79EFBC}") = "MealManagementApp", "MealManagementApp\MealManagementApp\MealManagementApp.csproj", "{9168179D-C18C-4890-AA59-5BE2AEF8A57B}"
EndProject
Project("{FAE04EC0-301F-11D3-BF4B-00C04F79EFBC}") = "MealManagementApp.Client", "MealManagementApp\MealManagementApp.Client\MealManagementApp.Client.csproj", "{A7E848C9-3F95-4D89-A7BF-872F4C87AC8F}"
EndProject
Global
	GlobalSection(SolutionConfigurationPlatforms) = preSolution
		Debug|Any CPU = Debug|Any CPU
		Release|Any CPU = Release|Any CPU
	EndGlobalSection
	GlobalSection(ProjectConfigurationPlatforms) = postSolution
		{9168179D-C18C-4890-AA59-5BE2AEF8A57B}.Debug|Any CPU.ActiveCfg = Debug|Any CPU
		{9168179D-C18C-4890-AA59-5BE2AEF8A57B}.Debug|Any CPU.Build.0 = Debug|Any CPU
		{9168179D-C18C-4890-AA59-5BE2AEF8A57B}.Release|Any CPU.ActiveCfg = Release|Any CPU
		{9168179D-C18C-4890-AA59-5BE2AEF8A57B}.Release|Any CPU.Build.0 = Release|Any CPU
		{A7E848C9-3F95-4D89-A7BF-872F4C87AC8F}.Debug|Any CPU.ActiveCfg = Debug|Any CPU
		{A7E848C9-3F95-4D89-A7BF-872F4C87AC8F}.Debug|Any CPU.Build.0 = Debug|Any CPU
		{A7E848C9-3F95-4D89-A7BF-872F4C87AC8F}.Release|Any CPU.ActiveCfg = Release|Any CPU
		{A7E848C9-3F95-4D89-A7BF-872F4C87AC8F}.Release|Any CPU.Build.0 = Release|Any CPU
	EndGlobalSection
	GlobalSection(SolutionProperties) = preSolution
		HideSolutionNode = FALSE
	EndGlobalSection
	GlobalSection(ExtensibilityGlobals) = postSolution
		SolutionGuid = {808781F8-53C9-4EAF-A3BC-C31DD4A12C2D}
	EndGlobalSection
EndGlobal
